// !$*UTF8*$!
{
	archiveVersion = 1;
	classes = {
	};
	objectVersion = 46;
	objects = {

/* Begin PBXBuildFile section */
		0400653A1CD0172F0037512C /* AppDelegate.swift in Sources */ = {isa = PBXBuildFile; fileRef = 040065391CD0172F0037512C /* AppDelegate.swift */; };
		0400653C1CD0172F0037512C /* ViewController.swift in Sources */ = {isa = PBXBuildFile; fileRef = 0400653B1CD0172F0037512C /* ViewController.swift */; };
		0400653F1CD0172F0037512C /* Main.storyboard in Resources */ = {isa = PBXBuildFile; fileRef = 0400653D1CD0172F0037512C /* Main.storyboard */; };
		040065411CD0172F0037512C /* Assets.xcassets in Resources */ = {isa = PBXBuildFile; fileRef = 040065401CD0172F0037512C /* Assets.xcassets */; };
		040065441CD0172F0037512C /* LaunchScreen.storyboard in Resources */ = {isa = PBXBuildFile; fileRef = 040065421CD0172F0037512C /* LaunchScreen.storyboard */; };
		0400654F1CD0172F0037512C /* SwiftAndOCTests.swift in Sources */ = {isa = PBXBuildFile; fileRef = 0400654E1CD0172F0037512C /* SwiftAndOCTests.swift */; };
		0400655A1CD0172F0037512C /* SwiftAndOCUITests.swift in Sources */ = {isa = PBXBuildFile; fileRef = 040065591CD0172F0037512C /* SwiftAndOCUITests.swift */; };
		0400656D1CD018640037512C /* People.m in Sources */ = {isa = PBXBuildFile; fileRef = 0400656C1CD018640037512C /* People.m */; };
/* End PBXBuildFile section */

/* Begin PBXContainerItemProxy section */
		0400654B1CD0172F0037512C /* PBXContainerItemProxy */ = {
			isa = PBXContainerItemProxy;
			containerPortal = 0400652E1CD0172F0037512C /* Project object */;
			proxyType = 1;
			remoteGlobalIDString = 040065351CD0172F0037512C;
			remoteInfo = SwiftAndOC;
		};
		040065561CD0172F0037512C /* PBXContainerItemProxy */ = {
			isa = PBXContainerItemProxy;
			containerPortal = 0400652E1CD0172F0037512C /* Project object */;
			proxyType = 1;
			remoteGlobalIDString = 040065351CD0172F0037512C;
			remoteInfo = SwiftAndOC;
		};
/* End PBXContainerItemProxy section */

/* Begin PBXFileReference section */
		040065361CD0172F0037512C /* SwiftAndOC.app */ = {isa = PBXFileReference; explicitFileType = wrapper.application; includeInIndex = 0; path = SwiftAndOC.app; sourceTree = BUILT_PRODUCTS_DIR; };
		040065391CD0172F0037512C /* AppDelegate.swift */ = {isa = PBXFileReference; lastKnownFileType = sourcecode.swift; path = AppDelegate.swift; sourceTree = "<group>"; };
		0400653B1CD0172F0037512C /* ViewController.swift */ = {isa = PBXFileReference; lastKnownFileType = sourcecode.swift; path = ViewController.swift; sourceTree = "<group>"; };
		0400653E1CD0172F0037512C /* Base */ = {isa = PBXFileReference; lastKnownFileType = file.storyboard; name = Base; path = Base.lproj/Main.storyboard; sourceTree = "<group>"; };
		040065401CD0172F0037512C /* Assets.xcassets */ = {isa = PBXFileReference; lastKnownFileType = folder.assetcatalog; path = Assets.xcassets; sourceTree = "<group>"; };
		040065431CD0172F0037512C /* Base */ = {isa = PBXFileReference; lastKnownFileType = file.storyboard; name = Base; path = Base.lproj/LaunchScreen.storyboard; sourceTree = "<group>"; };
		040065451CD0172F0037512C /* Info.plist */ = {isa = PBXFileReference; lastKnownFileType = text.plist.xml; path = Info.plist; sourceTree = "<group>"; };
		0400654A1CD0172F0037512C /* SwiftAndOCTests.xctest */ = {isa = PBXFileReference; explicitFileType = wrapper.cfbundle; includeInIndex = 0; path = SwiftAndOCTests.xctest; sourceTree = BUILT_PRODUCTS_DIR; };
		0400654E1CD0172F0037512C /* SwiftAndOCTests.swift */ = {isa = PBXFileReference; lastKnownFileType = sourcecode.swift; path = SwiftAndOCTests.swift; sourceTree = "<group>"; };
		040065501CD0172F0037512C /* Info.plist */ = {isa = PBXFileReference; lastKnownFileType = text.plist.xml; path = Info.plist; sourceTree = "<group>"; };
		040065551CD0172F0037512C /* SwiftAndOCUITests.xctest */ = {isa = PBXFileReference; explicitFileType = wrapper.cfbundle; includeInIndex = 0; path = SwiftAndOCUITests.xctest; sourceTree = BUILT_PRODUCTS_DIR; };
		040065591CD0172F0037512C /* SwiftAndOCUITests.swift */ = {isa = PBXFileReference; lastKnownFileType = sourcecode.swift; path = SwiftAndOCUITests.swift; sourceTree = "<group>"; };
		0400655B1CD0172F0037512C /* Info.plist */ = {isa = PBXFileReference; lastKnownFileType = text.plist.xml; path = Info.plist; sourceTree = "<group>"; };
		040065671CD0181F0037512C /* SwiftAndOC-Bridging-Header.h */ = {isa = PBXFileReference; lastKnownFileType = sourcecode.c.h; path = "SwiftAndOC-Bridging-Header.h"; sourceTree = "<group>"; };
		0400656B1CD018640037512C /* People.h */ = {isa = PBXFileReference; fileEncoding = 4; lastKnownFileType = sourcecode.c.h; path = People.h; sourceTree = "<group>"; };
		0400656C1CD018640037512C /* People.m */ = {isa = PBXFileReference; fileEncoding = 4; lastKnownFileType = sourcecode.c.objc; path = People.m; sourceTree = "<group>"; };
/* End PBXFileReference section */

/* Begin PBXFrameworksBuildPhase section */
		040065331CD0172F0037512C /* Frameworks */ = {
			isa = PBXFrameworksBuildPhase;
			buildActionMask = 2147483647;
			files = (
			);
			runOnlyForDeploymentPostprocessing = 0;
		};
		040065471CD0172F0037512C /* Frameworks */ = {
			isa = PBXFrameworksBuildPhase;
			buildActionMask = 2147483647;
			files = (
			);
			runOnlyForDeploymentPostprocessing = 0;
		};
		040065521CD0172F0037512C /* Frameworks */ = {
			isa = PBXFrameworksBuildPhase;
			buildActionMask = 2147483647;
			files = (
			);
			runOnlyForDeploymentPostprocessing = 0;
		};
/* End PBXFrameworksBuildPhase section */

/* Begin PBXGroup section */
		0400652D1CD0172F0037512C = {
			isa = PBXGroup;
			children = (
				040065381CD0172F0037512C /* SwiftAndOC */,
				0400654D1CD0172F0037512C /* SwiftAndOCTests */,
				040065581CD0172F0037512C /* SwiftAndOCUITests */,
				040065371CD0172F0037512C /* Products */,
			);
			sourceTree = "<group>";
		};
		040065371CD0172F0037512C /* Products */ = {
			isa = PBXGroup;
			children = (
				040065361CD0172F0037512C /* SwiftAndOC.app */,
				0400654A1CD0172F0037512C /* SwiftAndOCTests.xctest */,
				040065551CD0172F0037512C /* SwiftAndOCUITests.xctest */,
			);
			name = Products;
			sourceTree = "<group>";
		};
		040065381CD0172F0037512C /* SwiftAndOC */ = {
			isa = PBXGroup;
			children = (
				040065391CD0172F0037512C /* AppDelegate.swift */,
				0400653B1CD0172F0037512C /* ViewController.swift */,
				0400656B1CD018640037512C /* People.h */,
				0400656C1CD018640037512C /* People.m */,
				0400653D1CD0172F0037512C /* Main.storyboard */,
				040065401CD0172F0037512C /* Assets.xcassets */,
				040065421CD0172F0037512C /* LaunchScreen.storyboard */,
				040065451CD0172F0037512C /* Info.plist */,
				040065671CD0181F0037512C /* SwiftAndOC-Bridging-Header.h */,
			);
			path = SwiftAndOC;
			sourceTree = "<group>";
		};
		0400654D1CD0172F0037512C /* SwiftAndOCTests */ = {
			isa = PBXGroup;
			children = (
				0400654E1CD0172F0037512C /* SwiftAndOCTests.swift */,
				040065501CD0172F0037512C /* Info.plist */,
			);
			path = SwiftAndOCTests;
			sourceTree = "<group>";
		};
		040065581CD0172F0037512C /* SwiftAndOCUITests */ = {
			isa = PBXGroup;
			children = (
				040065591CD0172F0037512C /* SwiftAndOCUITests.swift */,
				0400655B1CD0172F0037512C /* Info.plist */,
			);
			path = SwiftAndOCUITests;
			sourceTree = "<group>";
		};
/* End PBXGroup section */

/* Begin PBXNativeTarget section */
		040065351CD0172F0037512C /* SwiftAndOC */ = {
			isa = PBXNativeTarget;
			buildConfigurationList = 0400655E1CD0172F0037512C /* Build configuration list for PBXNativeTarget "SwiftAndOC" */;
			buildPhases = (
				040065321CD0172F0037512C /* Sources */,
				040065331CD0172F0037512C /* Frameworks */,
				040065341CD0172F0037512C /* Resources */,
			);
			buildRules = (
			);
			dependencies = (
			);
			name = SwiftAndOC;
			productName = SwiftAndOC;
			productReference = 040065361CD0172F0037512C /* SwiftAndOC.app */;
			productType = "com.apple.product-type.application";
		};
		040065491CD0172F0037512C /* SwiftAndOCTests */ = {
			isa = PBXNativeTarget;
			buildConfigurationList = 040065611CD0172F0037512C /* Build configuration list for PBXNativeTarget "SwiftAndOCTests" */;
			buildPhases = (
				040065461CD0172F0037512C /* Sources */,
				040065471CD0172F0037512C /* Frameworks */,
				040065481CD0172F0037512C /* Resources */,
			);
			buildRules = (
			);
			dependencies = (
				0400654C1CD0172F0037512C /* PBXTargetDependency */,
			);
			name = SwiftAndOCTests;
			productName = SwiftAndOCTests;
			productReference = 0400654A1CD0172F0037512C /* SwiftAndOCTests.xctest */;
			productType = "com.apple.product-type.bundle.unit-test";
		};
		040065541CD0172F0037512C /* SwiftAndOCUITests */ = {
			isa = PBXNativeTarget;
			buildConfigurationList = 040065641CD0172F0037512C /* Build configuration list for PBXNativeTarget "SwiftAndOCUITests" */;
			buildPhases = (
				040065511CD0172F0037512C /* Sources */,
				040065521CD0172F0037512C /* Frameworks */,
				040065531CD0172F0037512C /* Resources */,
			);
			buildRules = (
			);
			dependencies = (
				040065571CD0172F0037512C /* PBXTargetDependency */,
			);
			name = SwiftAndOCUITests;
			productName = SwiftAndOCUITests;
			productReference = 040065551CD0172F0037512C /* SwiftAndOCUITests.xctest */;
			productType = "com.apple.product-type.bundle.ui-testing";
		};
/* End PBXNativeTarget section */

/* Begin PBXProject section */
		0400652E1CD0172F0037512C /* Project object */ = {
			isa = PBXProject;
			attributes = {
				LastSwiftUpdateCheck = 0720;
				LastUpgradeCheck = 0720;
				ORGANIZATIONNAME = LiuKeZhi;
				TargetAttributes = {
					040065351CD0172F0037512C = {
						CreatedOnToolsVersion = 7.2;
						DevelopmentTeam = 4999LJ6C49;
					};
					040065491CD0172F0037512C = {
						CreatedOnToolsVersion = 7.2;
						DevelopmentTeam = 4999LJ6C49;
						TestTargetID = 040065351CD0172F0037512C;
					};
					040065541CD0172F0037512C = {
						CreatedOnToolsVersion = 7.2;
						DevelopmentTeam = 4999LJ6C49;
						TestTargetID = 040065351CD0172F0037512C;
					};
				};
			};
			buildConfigurationList = 040065311CD0172F0037512C /* Build configuration list for PBXProject "SwiftAndOC" */;
			compatibilityVersion = "Xcode 3.2";
			developmentRegion = English;
			hasScannedForEncodings = 0;
			knownRegions = (
				en,
				Base,
			);
			mainGroup = 0400652D1CD0172F0037512C;
			productRefGroup = 040065371CD0172F0037512C /* Products */;
			projectDirPath = "";
			projectRoot = "";
			targets = (
				040065351CD0172F0037512C /* SwiftAndOC */,
				040065491CD0172F0037512C /* SwiftAndOCTests */,
				040065541CD0172F0037512C /* SwiftAndOCUITests */,
			);
		};
/* End PBXProject section */

/* Begin PBXResourcesBuildPhase section */
		040065341CD0172F0037512C /* Resources */ = {
			isa = PBXResourcesBuildPhase;
			buildActionMask = 2147483647;
			files = (
				040065441CD0172F0037512C /* LaunchScreen.storyboard in Resources */,
				040065411CD0172F0037512C /* Assets.xcassets in Resources */,
				0400653F1CD0172F0037512C /* Main.storyboard in Resources */,
			);
			runOnlyForDeploymentPostprocessing = 0;
		};
		040065481CD0172F0037512C /* Resources */ = {
			isa = PBXResourcesBuildPhase;
			buildActionMask = 2147483647;
			files = (
			);
			runOnlyForDeploymentPostprocessing = 0;
		};
		040065531CD0172F0037512C /* Resources */ = {
			isa = PBXResourcesBuildPhase;
			buildActionMask = 2147483647;
			files = (
			);
			runOnlyForDeploymentPostprocessing = 0;
		};
/* End PBXResourcesBuildPhase section */

/* Begin PBXSourcesBuildPhase section */
		040065321CD0172F0037512C /* Sources */ = {
			isa = PBXSourcesBuildPhase;
			buildActionMask = 2147483647;
			files = (
				0400656D1CD018640037512C /* People.m in Sources */,
				0400653C1CD0172F0037512C /* ViewController.swift in Sources */,
				0400653A1CD0172F0037512C /* AppDelegate.swift in Sources */,
			);
			runOnlyForDeploymentPostprocessing = 0;
		};
		040065461CD0172F0037512C /* Sources */ = {
			isa = PBXSourcesBuildPhase;
			buildActionMask = 2147483647;
			files = (
				0400654F1CD0172F0037512C /* SwiftAndOCTests.swift in Sources */,
			);
			runOnlyForDeploymentPostprocessing = 0;
		};
		040065511CD0172F0037512C /* Sources */ = {
			isa = PBXSourcesBuildPhase;
			buildActionMask = 2147483647;
			files = (
				0400655A1CD0172F0037512C /* SwiftAndOCUITests.swift in Sources */,
			);
			runOnlyForDeploymentPostprocessing = 0;
		};
/* End PBXSourcesBuildPhase section */

/* Begin PBXTargetDependency section */
		0400654C1CD0172F0037512C /* PBXTargetDependency */ = {
			isa = PBXTargetDependency;
			target = 040065351CD0172F0037512C /* SwiftAndOC */;
			targetProxy = 0400654B1CD0172F0037512C /* PBXContainerItemProxy */;
		};
		040065571CD0172F0037512C /* PBXTargetDependency */ = {
			isa = PBXTargetDependency;
			target = 040065351CD0172F0037512C /* SwiftAndOC */;
			targetProxy = 040065561CD0172F0037512C /* PBXContainerItemProxy */;
		};
/* End PBXTargetDependency section */

/* Begin PBXVariantGroup section */
		0400653D1CD0172F0037512C /* Main.storyboard */ = {
			isa = PBXVariantGroup;
			children = (
				0400653E1CD0172F0037512C /* Base */,
			);
			name = Main.storyboard;
			sourceTree = "<group>";
		};
		040065421CD0172F0037512C /* LaunchScreen.storyboard */ = {
			isa = PBXVariantGroup;
			children = (
				040065431CD0172F0037512C /* Base */,
			);
			name = LaunchScreen.storyboard;
			sourceTree = "<group>";
		};
/* End PBXVariantGroup section */

/* Begin XCBuildConfiguration section */
		0400655C1CD0172F0037512C /* Debug */ = {
			isa = XCBuildConfiguration;
			buildSettings = {
				ALWAYS_SEARCH_USER_PATHS = NO;
				CLANG_CXX_LANGUAGE_STANDARD = "gnu++0x";
				CLANG_CXX_LIBRARY = "libc++";
				CLANG_ENABLE_MODULES = YES;
				CLANG_ENABLE_OBJC_ARC = YES;
				CLANG_WARN_BOOL_CONVERSION = YES;
				CLANG_WARN_CONSTANT_CONVERSION = YES;
				CLANG_WARN_DIRECT_OBJC_ISA_USAGE = YES_ERROR;
				CLANG_WARN_EMPTY_BODY = YES;
				CLANG_WARN_ENUM_CONVERSION = YES;
				CLANG_WARN_INT_CONVERSION = YES;
				CLANG_WARN_OBJC_ROOT_CLASS = YES_ERROR;
				CLANG_WARN_UNREACHABLE_CODE = YES;
				CLANG_WARN__DUPLICATE_METHOD_MATCH = YES;
				"CODE_SIGN_IDENTITY[sdk=iphoneos*]" = "iPhone Developer";
				COPY_PHASE_STRIP = NO;
				DEBUG_INFORMATION_FORMAT = dwarf;
				ENABLE_STRICT_OBJC_MSGSEND = YES;
				ENABLE_TESTABILITY = YES;
				GCC_C_LANGUAGE_STANDARD = gnu99;
				GCC_DYNAMIC_NO_PIC = NO;
				GCC_NO_COMMON_BLOCKS = YES;
				GCC_OPTIMIZATION_LEVEL = 0;
				GCC_PREPROCESSOR_DEFINITIONS = (
					"DEBUG=1",
					"$(inherited)",
				);
				GCC_WARN_64_TO_32_BIT_CONVERSION = YES;
				GCC_WARN_ABOUT_RETURN_TYPE = YES_ERROR;
				GCC_WARN_UNDECLARED_SELECTOR = YES;
				GCC_WARN_UNINITIALIZED_AUTOS = YES_AGGRESSIVE;
				GCC_WARN_UNUSED_FUNCTION = YES;
				GCC_WARN_UNUSED_VARIABLE = YES;
				IPHONEOS_DEPLOYMENT_TARGET = 9.2;
				MTL_ENABLE_DEBUG_INFO = YES;
				ONLY_ACTIVE_ARCH = YES;
				SDKROOT = iphoneos;
				SWIFT_OPTIMIZATION_LEVEL = "-Onone";
			};
			name = Debug;
		};
		0400655D1CD0172F0037512C /* Release */ = {
			isa = XCBuildConfiguration;
			buildSettings = {
				ALWAYS_SEARCH_USER_PATHS = NO;
				CLANG_CXX_LANGUAGE_STANDARD = "gnu++0x";
				CLANG_CXX_LIBRARY = "libc++";
				CLANG_ENABLE_MODULES = YES;
				CLANG_ENABLE_OBJC_ARC = YES;
				CLANG_WARN_BOOL_CONVERSION = YES;
				CLANG_WARN_CONSTANT_CONVERSION = YES;
				CLANG_WARN_DIRECT_OBJC_ISA_USAGE = YES_ERROR;
				CLANG_WARN_EMPTY_BODY = YES;
				CLANG_WARN_ENUM_CONVERSION = YES;
				CLANG_WARN_INT_CONVERSION = YES;
				CLANG_WARN_OBJC_ROOT_CLASS = YES_ERROR;
				CLANG_WARN_UNREACHABLE_CODE = YES;
				CLANG_WARN__DUPLICATE_METHOD_MATCH = YES;
				"CODE_SIGN_IDENTITY[sdk=iphoneos*]" = "iPhone Developer";
				COPY_PHASE_STRIP = NO;
				DEBUG_INFORMATION_FORMAT = "dwarf-with-dsym";
				ENABLE_NS_ASSERTIONS = NO;
				ENABLE_STRICT_OBJC_MSGSEND = YES;
				GCC_C_LANGUAGE_STANDARD = gnu99;
				GCC_NO_COMMON_BLOCKS = YES;
				GCC_WARN_64_TO_32_BIT_CONVERSION = YES;
				GCC_WARN_ABOUT_RETURN_TYPE = YES_ERROR;
				GCC_WARN_UNDECLARED_SELECTOR = YES;
				GCC_WARN_UNINITIALIZED_AUTOS = YES_AGGRESSIVE;
				GCC_WARN_UNUSED_FUNCTION = YES;
				GCC_WARN_UNUSED_VARIABLE = YES;
				IPHONEOS_DEPLOYMENT_TARGET = 9.2;
				MTL_ENABLE_DEBUG_INFO = NO;
				SDKROOT = iphoneos;
				VALIDATE_PRODUCT = YES;
			};
			name = Release;
		};
		0400655F1CD0172F0037512C /* Debug */ = {
			isa = XCBuildConfiguration;
			buildSettings = {
				ASSETCATALOG_COMPILER_APPICON_NAME = AppIcon;
				CLANG_ENABLE_MODULES = YES;
				INFOPLIST_FILE = SwiftAndOC/Info.plist;
				LD_RUNPATH_SEARCH_PATHS = "$(inherited) @executable_path/Frameworks";
				PRODUCT_BUNDLE_IDENTIFIER = it.push.SwiftAndOC;
				PRODUCT_NAME = "$(TARGET_NAME)";
				SWIFT_OBJC_BRIDGING_HEADER = "SwiftAndOC/SwiftAndOC-Bridging-Header.h";
				SWIFT_OPTIMIZATION_LEVEL = "-Onone";
			};
			name = Debug;
		};
		040065601CD0172F0037512C /* Release */ = {
			isa = XCBuildConfiguration;
			buildSettings = {
				ASSETCATALOG_COMPILER_APPICON_NAME = AppIcon;
				CLANG_ENABLE_MODULES = YES;
				INFOPLIST_FILE = SwiftAndOC/Info.plist;
				LD_RUNPATH_SEARCH_PATHS = "$(inherited) @executable_path/Frameworks";
				PRODUCT_BUNDLE_IDENTIFIER = it.push.SwiftAndOC;
				PRODUCT_NAME = "$(TARGET_NAME)";
				SWIFT_OBJC_BRIDGING_HEADER = "SwiftAndOC/SwiftAndOC-Bridging-Header.h";
			};
			name = Release;
		};
		040065621CD0172F0037512C /* Debug */ = {
			isa = XCBuildConfiguration;
			buildSettings = {
				BUNDLE_LOADER = "$(TEST_HOST)";
				INFOPLIST_FILE = SwiftAndOCTests/Info.plist;
				LD_RUNPATH_SEARCH_PATHS = "$(inherited) @executable_path/Frameworks @loader_path/Frameworks";
				PRODUCT_BUNDLE_IDENTIFIER = it.push.SwiftAndOCTests;
				PRODUCT_NAME = "$(TARGET_NAME)";
				TEST_HOST = "$(BUILT_PRODUCTS_DIR)/SwiftAndOC.app/SwiftAndOC";
			};
			name = Debug;
		};
		040065631CD0172F0037512C /* Release */ = {
			isa = XCBuildConfiguration;
			buildSettings = {
				BUNDLE_LOADER = "$(TEST_HOST)";
				INFOPLIST_FILE = SwiftAndOCTests/Info.plist;
				LD_RUNPATH_SEARCH_PATHS = "$(inherited) @executable_path/Frameworks @loader_path/Frameworks";
				PRODUCT_BUNDLE_IDENTIFIER = it.push.SwiftAndOCTests;
				PRODUCT_NAME = "$(TARGET_NAME)";
				TEST_HOST = "$(BUILT_PRODUCTS_DIR)/SwiftAndOC.app/SwiftAndOC";
			};
			name = Release;
		};
		040065651CD0172F0037512C /* Debug */ = {
			isa = XCBuildConfiguration;
			buildSettings = {
				INFOPLIST_FILE = SwiftAndOCUITests/Info.plist;
				LD_RUNPATH_SEARCH_PATHS = "$(inherited) @executable_path/Frameworks @loader_path/Frameworks";
				PRODUCT_BUNDLE_IDENTIFIER = it.push.SwiftAndOCUITests;
				PRODUCT_NAME = "$(TARGET_NAME)";
				TEST_TARGET_NAME = SwiftAndOC;
				USES_XCTRUNNER = YES;
			};
			name = Debug;
		};
		040065661CD0172F0037512C /* Release */ = {
			isa = XCBuildConfiguration;
			buildSettings = {
				INFOPLIST_FILE = SwiftAndOCUITests/Info.plist;
				LD_RUNPATH_SEARCH_PATHS = "$(inherited) @executable_path/Frameworks @loader_path/Frameworks";
				PRODUCT_BUNDLE_IDENTIFIER = it.push.SwiftAndOCUITests;
				PRODUCT_NAME = "$(TARGET_NAME)";
				TEST_TARGET_NAME = SwiftAndOC;
				USES_XCTRUNNER = YES;
			};
			name = Release;
		};
/* End XCBuildConfiguration section */

/* Begin XCConfigurationList section */
		040065311CD0172F0037512C /* Build configuration list for PBXProject "SwiftAndOC" */ = {
			isa = XCConfigurationList;
			buildConfigurations = (
				0400655C1CD0172F0037512C /* Debug */,
				0400655D1CD0172F0037512C /* Release */,
			);
			defaultConfigurationIsVisible = 0;
			defaultConfigurationName = Release;
		};
		0400655E1CD0172F0037512C /* Build configuration list for PBXNativeTarget "SwiftAndOC" */ = {
			isa = XCConfigurationList;
			buildConfigurations = (
				0400655F1CD0172F0037512C /* Debug */,
				040065601CD0172F0037512C /* Release */,
			);
			defaultConfigurationIsVisible = 0;
		};
		040065611CD0172F0037512C /* Build configuration list for PBXNativeTarget "SwiftAndOCTests" */ = {
			isa = XCConfigurationList;
			buildConfigurations = (
				040065621CD0172F0037512C /* Debug */,
				040065631CD0172F0037512C /* Release */,
			);
			defaultConfigurationIsVisible = 0;
		};
		040065641CD0172F0037512C /* Build configuration list for PBXNativeTarget "SwiftAndOCUITests" */ = {
			isa = XCConfigurationList;
			buildConfigurations = (
				040065651CD0172F0037512C /* Debug */,
				040065661CD0172F0037512C /* Release */,
			);
			defaultConfigurationIsVisible = 0;
		};
/* End XCConfigurationList section */
	};
	rootObject = 0400652E1CD0172F0037512C /* Project object */;
}
